%{
  "cc_precompiler": {:hex, :cc_precompiler, "0.1.11", "8c844d0b9fb98a3edea067f94f616b3f6b29b959b6b3bf25fee94ffe34364768", [:mix], [{:elixir_make, "~> 0.7", [hex: :elixir_make, repo: "hexpm", optional: false]}], "hexpm", "3427232caf0835f94680e5bcf082408a70b48ad68a5f5c0b02a3bea9f3a075b9"},
  "elixir_make": {:hex, :elixir_make, "0.10.0", "16577e2583a79bb79237bbff349619ef5d80afffc07eac6e4faf0d00e2ddaf7d", [:mix], [], "hexpm", "dc1f09fb7fa68866b886abd5f0f3c83553b1a19a52359a899e92af1bb3b31982"},
  "fine": {:hex, :fine, "0.1.6", "4bf7151493443c454aac9f2fa2f34f5fefd0346a83fb5586a016c4a135c63247", [:mix], [], "hexpm", "5638eb4495488e885ebec167fa57973e5c35e1a50c344eb7666c90ec1c4e3b12"},
  "jason": {:hex, :jason, "1.4.5", "2e3a008590b0b8d7388c20293e9dcc9cf3e5d642fd2a114e4cbbb52e595d940a", [:mix], [{:decimal, "~> 1.0 or ~> 2.0 or ~> 3.0", [hex: :decimal, repo: "hexpm", optional: true]}], "hexpm", "b0c823996102bcd0239b3c2444eb00409b72f6a140c1950bc8b457d836b30684"},
  "lazy_html": {:hex, :lazy_html, "0.1.13", "860ea816f5bc7936d1ab5ccebc388f9d1031ba9c35ed81a4db9a1c3a50737704", [:make, :mix], [{:cc_precompiler, "~> 0.1", [hex: :cc_precompiler, repo: "hexpm", optional: false]}, {:elixir_make, "~> 0.9", [hex: :elixir_make, repo: "hexpm", optional: false]}, {:fine, "~> 0.1.0", [hex: :fine, repo: "hexpm", optional: false]}], "hexpm", "9a8405d6785fe6f8423b86e0ec5f21806ef79941fe853eac3d14fbbb173c34e9"},
  "lumis": {:hex, :lumis, "0.10.1", "9f22dcd733db5cc8f03f19bc931e2d23ac75c1c341e5fc1fa148be4799d2c1d1", [:mix], [{:nimble_options, "~> 1.0", [hex: :nimble_options, repo: "hexpm", optional: false]}, {:rustler, "~> 0.29", [hex: :rustler, repo: "hexpm", optional: true]}, {:rustler_precompiled, "~> 0.8", [hex: :rustler_precompiled, repo: "hexpm", optional: false]}], "hexpm", "84fa2ffaee08250a8ff424817eba023c9168b82446c944381ff66cf538fa78e3"},
  "lumis_wasm_yaml": {:hex, :lumis_wasm_yaml, "0.26.2", "62e352316de63b46e608ff820505ea4c9b05e7ec0ca88ee2379536c53106e027", [:mix], [], "hexpm", "c6f572313b3f59bf6a079ec221f302285100a9d59136fb12de9de499dbe26591"},
  "mdex": {:hex, :mdex, "0.14.2", "8d2b376f3de8f9f03a2ba0992eeb4f76d58fa790b0ed78dc90bcb5422ce7ff5d", [:mix], [{:jason, "~> 1.0", [hex: :jason, repo: "hexpm", optional: false]}, {:lumis, "~> 0.10", [hex: :lumis, repo: "hexpm", optional: true]}, {:mdex_native, ">= 0.2.11", [hex: :mdex_native, repo: "hexpm", optional: false]}, {:nimble_options, "~> 1.0", [hex: :nimble_options, repo: "hexpm", optional: false]}, {:nimble_parsec, "~> 1.0", [hex: :nimble_parsec, repo: "hexpm", optional: false]}, {:phoenix_live_view, "~> 0.20.0 or ~> 1.0", [hex: :phoenix_live_view, repo: "hexpm", optional: true]}], "hexpm", "7003e60b8621ab1c9b3671221a8dcc27dee9f9086026c25ea7aed4057d07978f"},
  "mdex_native": {:hex, :mdex_native, "0.2.11", "439f8448bd349611dccce197c8822fc1e2d63907e346f3a68527905bae91c6d7", [:mix], [{:rustler, "~> 0.32", [hex: :rustler, repo: "hexpm", optional: true]}, {:rustler_precompiled, "~> 0.8", [hex: :rustler_precompiled, repo: "hexpm", optional: false]}], "hexpm", "97e5c201fa016ad4dbd948a8014e314fc2d2e15a7fe88e73994ecfdd51a5dd08"},
  "mime": {:hex, :mime, "2.0.7", "b8d739037be7cd402aee1ba0306edfdef982687ee7e9859bee6198c1e7e2f128", [:mix], [], "hexpm", "6171188e399ee16023ffc5b76ce445eb6d9672e2e241d2df6050f3c771e80ccd"},
  "nimble_options": {:hex, :nimble_options, "1.1.1", "e3a492d54d85fc3fd7c5baf411d9d2852922f66e69476317787a7b2bb000a61b", [:mix], [], "hexpm", "821b2470ca9442c4b6984882fe9bb0389371b8ddec4d45a9504f00a66f650b44"},
  "nimble_parsec": {:hex, :nimble_parsec, "1.4.2", "8efba0122db06df95bfaa78f791344a89352ba04baedd3849593bfce4d0dc1c6", [:mix], [], "hexpm", "4b21398942dda052b403bbe1da991ccd03a053668d147d53fb8c4e0efe09c973"},
  "phoenix": {:hex, :phoenix, "1.8.15", "dcdb304113660ec97e1579458824d3c34b5d2eed07a0fdf25a836a9515b63146", [:mix], [{:bandit, "~> 1.0", [hex: :bandit, repo: "hexpm", optional: true]}, {:jason, "~> 1.0", [hex: :jason, repo: "hexpm", optional: true]}, {:phoenix_pubsub, "~> 2.1", [hex: :phoenix_pubsub, repo: "hexpm", optional: false]}, {:phoenix_template, "~> 1.0", [hex: :phoenix_template, repo: "hexpm", optional: false]}, {:phoenix_view, "~> 2.0", [hex: :phoenix_view, repo: "hexpm", optional: true]}, {:plug, "~> 1.14", [hex: :plug, repo: "hexpm", optional: false]}, {:plug_cowboy, "~> 2.7", [hex: :plug_cowboy, repo: "hexpm", optional: true]}, {:plug_crypto, "~> 2.2", [hex: :plug_crypto, repo: "hexpm", optional: false]}, {:telemetry, "~> 0.4 or ~> 1.0", [hex: :telemetry, repo: "hexpm", optional: false]}, {:websock_adapter, "~> 0.5", [hex: :websock_adapter, repo: "hexpm", optional: false]}], "hexpm", "7b83ed6b3d544f24a29277eab7f051be38b76f390bb511bb6ddb7ec6e8e05b95"},
  "phoenix_html": {:hex, :phoenix_html, "4.3.0", "d3577a5df4b6954cd7890c84d955c470b5310bb49647f0a114a6eeecc850f7ad", [:mix], [], "hexpm", "3eaa290a78bab0f075f791a46a981bbe769d94bc776869f4f3063a14f30497ad"},
  "phoenix_live_view": {:hex, :phoenix_live_view, "1.2.12", "35848150bbab579e9d0aff79525269d7c0801a4f61232b84f635c11222cee88f", [:mix], [{:igniter, ">= 0.6.16 and < 1.0.0-0", [hex: :igniter, repo: "hexpm", optional: true]}, {:jason, "~> 1.0", [hex: :jason, repo: "hexpm", optional: true]}, {:lazy_html, "~> 0.1.0", [hex: :lazy_html, repo: "hexpm", optional: true]}, {:phoenix, "~> 1.6.15 or ~> 1.7.0 or ~> 1.8.0", [hex: :phoenix, repo: "hexpm", optional: false]}, {:phoenix_html, "~> 3.3 or ~> 4.0", [hex: :phoenix_html, repo: "hexpm", optional: false]}, {:phoenix_template, "~> 1.0", [hex: :phoenix_template, repo: "hexpm", optional: false]}, {:phoenix_view, "~> 2.0", [hex: :phoenix_view, repo: "hexpm", optional: true]}, {:plug, "~> 1.15", [hex: :plug, repo: "hexpm", optional: false]}, {:telemetry, "~> 0.4.2 or ~> 1.0", [hex: :telemetry, repo: "hexpm", optional: false]}], "hexpm", "656810d716e3369545dd63981196a5d68b77fdb253afe02ef0c6fa14cfd8dc2b"},
  "phoenix_pubsub": {:hex, :phoenix_pubsub, "2.3.0", "03916bfbc31a5121945b3cfffe5aec647a5c97fe1dc172a319b94428562359c9", [:mix], [], "hexpm", "eec7be6e9cf02e2551d389b558402d6c637cd3973796326e7ba4bb03c6b2e91d"},
  "phoenix_template": {:hex, :phoenix_template, "1.1.0", "b329582281b1e00e4dc664afd60ef5b489cbb356923caa3b1e00abe8651b9a18", [:mix], [{:phoenix_html, "~> 2.14.2 or ~> 3.0 or ~> 4.0", [hex: :phoenix_html, repo: "hexpm", optional: true]}], "hexpm", "eba70070de79b2c3501ef205a74a69f98ab352f3785aa15da9ed161f9fe0fd5d"},
  "plug": {:hex, :plug, "1.20.3", "56c480c633ec2ce10140e236e15233bf576e1d323887d7c96711bd02ab5160db", [:mix], [{:mime, "~> 1.0 or ~> 2.0", [hex: :mime, repo: "hexpm", optional: false]}, {:plug_crypto, "~> 1.1.1 or ~> 1.2 or ~> 2.0", [hex: :plug_crypto, repo: "hexpm", optional: false]}, {:telemetry, "~> 0.4.3 or ~> 1.0", [hex: :telemetry, repo: "hexpm", optional: false]}], "hexpm", "be266aee1b8536ef6409d58cf39a3121319f0ec47cfa1b24024485aa0e76ad76"},
  "plug_crypto": {:hex, :plug_crypto, "2.2.0", "144014737daaf485407f5ed77daeaad74d651b216a28c87543f8cc7043f8efc8", [:mix], [], "hexpm", "83a95744ab1c75876542b6fab135fcc176280e0f301a111c1f757fddcec95d2c"},
  "rustler_precompiled": {:hex, :rustler_precompiled, "0.10.0", "8f07ff0865cb09a6a0f75e11701e9a46e331e05f737da4e5b01374dcd25b68c0", [:mix], [{:rustler, "~> 0.28", [hex: :rustler, repo: "hexpm", optional: true]}], "hexpm", "c68c9dc732c12acfdf4a7fa06f4e6f48a641179e6be49a474c8a60809929c430"},
  "telemetry": {:hex, :telemetry, "1.4.2", "a0cb522801dffb1c49fe6e30561badffc7b6d0e180db1300df759faa22062855", [:rebar3], [], "hexpm", "928f6495066506077862c0d1646609eed891a4326bee3126ba54b60af61febb1"},
  "websock": {:hex, :websock, "0.5.3", "2f69a6ebe810328555b6fe5c831a851f485e303a7c8ce6c5f675abeb20ebdadc", [:mix], [], "hexpm", "6105453d7fac22c712ad66fab1d45abdf049868f253cf719b625151460b8b453"},
  "websock_adapter": {:hex, :websock_adapter, "0.6.0", "73db5ab8aaefd1a876a97ce3e6afc96562625de69ef17a4e04426e034849d0b8", [:mix], [{:bandit, ">= 0.6.0", [hex: :bandit, repo: "hexpm", optional: true]}, {:plug, "~> 1.14", [hex: :plug, repo: "hexpm", optional: false]}, {:plug_cowboy, "~> 2.6", [hex: :plug_cowboy, repo: "hexpm", optional: true]}, {:websock, "~> 0.5", [hex: :websock, repo: "hexpm", optional: false]}], "hexpm", "50021a85bce8f203b086705d9e0c5415e2c7eb05d319111b0428fe71f9934617"},
}
